
Microsoft Visual Studio Solution File, Format Version 12.00
# Visual Studio Version 17
VisualStudioVersion = 17.11.35327.3
MinimumVisualStudioVersion = 10.0.40219.1
Project("{FAE04EC0-301F-11D3-BF4B-00C04F79EFBC}") = "Password Generator", "Password Generator\Password Generator.csproj", "{941C55E0-AA93-496D-9122-63877CCF5216}"
EndProject
Global
	GlobalSection(SolutionConfigurationPlatforms) = preSolution
		Debug|Any CPU = Debug|Any CPU
		Release|Any CPU = Release|Any CPU
	EndGlobalSection
	GlobalSection(ProjectConfigurationPlatforms) = postSolution
		{941C55E0-AA93-496D-9122-63877CCF5216}.Debug|Any CPU.ActiveCfg = Debug|Any CPU
		{941C55E0-AA93-496D-9122-63877CCF5216}.Debug|Any CPU.Build.0 = Debug|Any CPU
		{941C55E0-AA93-496D-9122-63877CCF5216}.Release|Any CPU.ActiveCfg = Release|Any CPU
		{941C55E0-AA93-496D-9122-63877CCF5216}.Release|Any CPU.Build.0 = Release|Any CPU
	EndGlobalSection
	GlobalSection(SolutionProperties) = preSolution
		HideSolutionNode = FALSE
	EndGlobalSection
	GlobalSection(ExtensibilityGlobals) = postSolution
		SolutionGuid = {989F3F95-6B1F-4DBC-803B-E6A93A8247DB}
	EndGlobalSection
EndGlobal
